
Microsoft Visual Studio Solution File, Format Version 12.00
# Visual Studio Version 17
Project("{8BC9CEB8-8B4A-11D0-8D11-00A0C91BC942}") = "ALL_BUILD", "ALL_BUILD.vcxproj", "{82B6E09F-0871-3EC8-86AD-FAB44EC554A1}"
	ProjectSection(ProjectDependencies) = postProject
		{B57E1A7C-C04A-34C5-AF4C-B1ADD4BBD833} = {B57E1A7C-C04A-34C5-AF4C-B1ADD4BBD833}
		{D3BE00CA-6DB0-3BA1-980E-D26E76504FFD} = {D3BE00CA-6DB0-3BA1-980E-D26E76504FFD}
	EndProjectSection
EndProject
Project("{8BC9CEB8-8B4A-11D0-8D11-00A0C91BC942}") = "Gametest", "Gametest.vcxproj", "{B57E1A7C-C04A-34C5-AF4C-B1ADD4BBD833}"
	ProjectSection(ProjectDependencies) = postProject
		{D3BE00CA-6DB0-3BA1-980E-D26E76504FFD} = {D3BE00CA-6DB0-3BA1-980E-D26E76504FFD}
	EndProjectSection
EndProject
Project("{8BC9CEB8-8B4A-11D0-8D11-00A0C91BC942}") = "ZERO_CHECK", "ZERO_CHECK.vcxproj", "{D3BE00CA-6DB0-3BA1-980E-D26E76504FFD}"
	ProjectSection(ProjectDependencies) = postProject
	EndProjectSection
EndProject
Global
	GlobalSection(SolutionConfigurationPlatforms) = preSolution
		Debug|x64 = Debug|x64
		Release|x64 = Release|x64
		MinSizeRel|x64 = MinSizeRel|x64
		RelWithDebInfo|x64 = RelWithDebInfo|x64
	EndGlobalSection
	GlobalSection(ProjectConfigurationPlatforms) = postSolution
		{82B6E09F-0871-3EC8-86AD-FAB44EC554A1}.Debug|x64.ActiveCfg = Debug|x64
		{82B6E09F-0871-3EC8-86AD-FAB44EC554A1}.Release|x64.ActiveCfg = Release|x64
		{82B6E09F-0871-3EC8-86AD-FAB44EC554A1}.MinSizeRel|x64.ActiveCfg = MinSizeRel|x64
		{82B6E09F-0871-3EC8-86AD-FAB44EC554A1}.RelWithDebInfo|x64.ActiveCfg = RelWithDebInfo|x64
		{B57E1A7C-C04A-34C5-AF4C-B1ADD4BBD833}.Debug|x64.ActiveCfg = Debug|x64
		{B57E1A7C-C04A-34C5-AF4C-B1ADD4BBD833}.Debug|x64.Build.0 = Debug|x64
		{B57E1A7C-C04A-34C5-AF4C-B1ADD4BBD833}.Release|x64.ActiveCfg = Release|x64
		{B57E1A7C-C04A-34C5-AF4C-B1ADD4BBD833}.Release|x64.Build.0 = Release|x64
		{B57E1A7C-C04A-34C5-AF4C-B1ADD4BBD833}.MinSizeRel|x64.ActiveCfg = MinSizeRel|x64
		{B57E1A7C-C04A-34C5-AF4C-B1ADD4BBD833}.MinSizeRel|x64.Build.0 = MinSizeRel|x64
		{B57E1A7C-C04A-34C5-AF4C-B1ADD4BBD833}.RelWithDebInfo|x64.ActiveCfg = RelWithDebInfo|x64
		{B57E1A7C-C04A-34C5-AF4C-B1ADD4BBD833}.RelWithDebInfo|x64.Build.0 = RelWithDebInfo|x64
		{D3BE00CA-6DB0-3BA1-980E-D26E76504FFD}.Debug|x64.ActiveCfg = Debug|x64
		{D3BE00CA-6DB0-3BA1-980E-D26E76504FFD}.Debug|x64.Build.0 = Debug|x64
		{D3BE00CA-6DB0-3BA1-980E-D26E76504FFD}.Release|x64.ActiveCfg = Release|x64
		{D3BE00CA-6DB0-3BA1-980E-D26E76504FFD}.Release|x64.Build.0 = Release|x64
		{D3BE00CA-6DB0-3BA1-980E-D26E76504FFD}.MinSizeRel|x64.ActiveCfg = MinSizeRel|x64
		{D3BE00CA-6DB0-3BA1-980E-D26E76504FFD}.MinSizeRel|x64.Build.0 = MinSizeRel|x64
		{D3BE00CA-6DB0-3BA1-980E-D26E76504FFD}.RelWithDebInfo|x64.ActiveCfg = RelWithDebInfo|x64
		{D3BE00CA-6DB0-3BA1-980E-D26E76504FFD}.RelWithDebInfo|x64.Build.0 = RelWithDebInfo|x64
	EndGlobalSection
	GlobalSection(ExtensibilityGlobals) = postSolution
		SolutionGuid = {85631E85-18C3-3FC3-9B5E-1F1A40247FAF}
	EndGlobalSection
	GlobalSection(ExtensibilityAddIns) = postSolution
	EndGlobalSection
EndGlobal
