<?xml version="1.0" encoding="utf-8"?>
<Project ToolsVersion="17.0" xmlns="http://schemas.microsoft.com/developer/msbuild/2003">
  <ItemGroup>
    <CustomBuild Include="C:\Users\amina\Downloads\Game\CMakeFiles\07c4eab2114afd2f884c26d341bad3ab\generate.stamp.rule">
      <Filter>CMake Rules</Filter>
    </CustomBuild>
  </ItemGroup>
  <ItemGroup>
    <Filter Include="CMake Rules">
      <UniqueIdentifier>{C7F72BCA-0665-3C92-9E3C-F3635F15A5FA}</UniqueIdentifier>
    </Filter>
  </ItemGroup>
</Project>
